{
    "_meta": {
        "hash": {
            "sha256": "3624fc89977e157e5e8b92fcc1279470c267ed3ad6f0c36914fa20c245c502bc"
        },
        "pipfile-spec": 6,
        "requires": {
            "python_version": "3.9"
        },
        "sources": [
            {
                "name": "pypi",
                "url": "https://pypi.org/simple",
                "verify_ssl": true
            }
        ]
    },
    "default": {
        "pycairo": {
            "hashes": [
                "sha256:0d7a6754d410d911a46f00396bee4be96500ccd3d178e7e98aef1140e3dd67ae",
                "sha256:1ee72b035b21a475e1ed648e26541b04e5d7e753d75ca79de8c583b25785531b",
                "sha256:261c69850d4b2ec03346c9745bad2a835bb8124e4c6961b8ceac503d744eb3b3",
                "sha256:5525da2d8de912750dd157752aa96f1f0a42a437c5625e85b14c936b5c6305ae",
                "sha256:6db823a18e7be1eb2a29c28961f2f01e84d3b449f06be7338d05ac8f90592cd5",
                "sha256:736ffc618e851601e861a630293e5c910ef016b83b2d035a336f83a367bf56ab",
                "sha256:9a32e4a3574a104aa876c35d5e71485dfd6986b18d045534c6ec510c44d5d6a7",
                "sha256:b605151cdd23cedb31855b8666371b6e26b80f02753a52c8b8023a916b1df812",
                "sha256:c8c2bb933974d91c5d19e54b846d964de177e7bf33433bf34ac34c85f9b30e94",
                "sha256:e800486b51fffeb11ed867b4f2220d446e2a60a81a73b7c377123e0cbb72f49d",
                "sha256:f123d3818e30b77b7209d70a6dcfd5b4e34885f9fa539d92dd7ff3e4e2037213"
            ],
            "markers": "python_version >= '3.6' and python_version < '4'",
            "version": "==1.20.1"
        },
        "pygobject": {
            "hashes": [
                "sha256:b9803991ec0b0b4175e81fee0ad46090fa7af438fe169348a9b18ae53447afcd"
            ],
            "index": "pypi",
            "version": "==3.42.0"
        },
        "python-levenshtein": {
            "hashes": [
                "sha256:dc2395fbd148a1ab31090dd113c366695934b9e85fe5a4b2a032745efd0346f6"
            ],
            "index": "pypi",
            "version": "==0.12.2"
        }
    },
    "develop": {}
}
